
Microsoft Visual Studio Solution File, Format Version 10.00
# Visual Studio 2008
Project("{FAE04EC0-301F-11D3-BF4B-00C04F79EFBC}") = "ERP", "ERP\ERP.csproj", "{2C0AB9FA-D44C-4064-A351-27329A400ECE}"
	ProjectSection(ProjectDependencies) = postProject
		{E709D4C4-5237-4D22-A21A-39A28C066DE1} = {E709D4C4-5237-4D22-A21A-39A28C066DE1}
	EndProjectSection
EndProject
Project("{FAE04EC0-301F-11D3-BF4B-00C04F79EFBC}") = "Company", "ERP\Company\Company.csproj", "{E709D4C4-5237-4D22-A21A-39A28C066DE1}"
EndProject
Project("{FAE04EC0-301F-11D3-BF4B-00C04F79EFBC}") = "ProductPlan", "ERP\ProductPlan\ProductPlan.csproj", "{1F7D2BC3-F658-4F3F-97F6-8BAB71EB91F0}"
EndProject
Project("{FAE04EC0-301F-11D3-BF4B-00C04F79EFBC}") = "Common", "ERP\Common\Common.csproj", "{296A15F5-53D7-4BD2-AD0A-1DEFA9FB1E5C}"
EndProject
Project("{FAE04EC0-301F-11D3-BF4B-00C04F79EFBC}") = "Entity", "ERP\Entity\Entity.csproj", "{5B408254-B1E2-46F3-9EE7-1AB0DB365876}"
EndProject
Project("{FAE04EC0-301F-11D3-BF4B-00C04F79EFBC}") = "Service", "ERP\Service\Service.csproj", "{A012A71F-0C86-4A41-8EF1-DEE89AC5F054}"
EndProject
Project("{FAE04EC0-301F-11D3-BF4B-00C04F79EFBC}") = "Noogen.Validation", "ERP\ValidationProvider\Noogen.Validation.csproj", "{A52D6403-0252-4A82-8C53-122B3CC036FC}"
EndProject
Project("{FAE04EC0-301F-11D3-BF4B-00C04F79EFBC}") = "CodeRef", "ERP\CodeRef\CodeRef.csproj", "{4BD74F38-FF5A-41B2-B498-EB1D6BB631AB}"
EndProject
Project("{FAE04EC0-301F-11D3-BF4B-00C04F79EFBC}") = "Material", "ERP\Material\Material.csproj", "{A2018A47-0B55-4BAD-9C91-EAD8B9CA04E8}"
EndProject
Project("{FAE04EC0-301F-11D3-BF4B-00C04F79EFBC}") = "Factory", "ERP\Factory\Factory.csproj", "{DAB91044-1151-43E4-9261-1ABA931BF13D}"
EndProject
Project("{FAE04EC0-301F-11D3-BF4B-00C04F79EFBC}") = "PagerGridView", "ERP\PagerGridView\PagerGridView.csproj", "{2A8AC808-BE4B-4D08-BB70-3204B1291344}"
EndProject
Project("{FAE04EC0-301F-11D3-BF4B-00C04F79EFBC}") = "ConditionDropDownList", "ERP\ConditionDropDownList\ConditionDropDownList.csproj", "{11F81874-53ED-42FA-A08F-DD481A19740F}"
EndProject
Project("{FAE04EC0-301F-11D3-BF4B-00C04F79EFBC}") = "ConditionRadioButton", "ERP\ConditionRadioButton\ConditionRadioButton.csproj", "{E06654BA-B65B-4C8D-AABE-56DEAE6D3AEB}"
EndProject
Project("{FAE04EC0-301F-11D3-BF4B-00C04F79EFBC}") = "CommonToolStrip", "ERP\CommonToolStrip\CommonToolStrip.csproj", "{9FC0EDDF-C362-4841-AA28-37852CDC1383}"
EndProject
Global
	GlobalSection(SubversionScc) = preSolution
		Svn-Managed = True
		Manager = AnkhSVN - Subversion Support for Visual Studio
	EndGlobalSection
	GlobalSection(SolutionConfigurationPlatforms) = preSolution
		Debug|Any CPU = Debug|Any CPU
		Release|Any CPU = Release|Any CPU
	EndGlobalSection
	GlobalSection(ProjectConfigurationPlatforms) = postSolution
		{2C0AB9FA-D44C-4064-A351-27329A400ECE}.Debug|Any CPU.ActiveCfg = Debug|Any CPU
		{2C0AB9FA-D44C-4064-A351-27329A400ECE}.Debug|Any CPU.Build.0 = Debug|Any CPU
		{2C0AB9FA-D44C-4064-A351-27329A400ECE}.Release|Any CPU.ActiveCfg = Release|Any CPU
		{2C0AB9FA-D44C-4064-A351-27329A400ECE}.Release|Any CPU.Build.0 = Release|Any CPU
		{E709D4C4-5237-4D22-A21A-39A28C066DE1}.Debug|Any CPU.ActiveCfg = Debug|Any CPU
		{E709D4C4-5237-4D22-A21A-39A28C066DE1}.Debug|Any CPU.Build.0 = Debug|Any CPU
		{E709D4C4-5237-4D22-A21A-39A28C066DE1}.Release|Any CPU.ActiveCfg = Release|Any CPU
		{E709D4C4-5237-4D22-A21A-39A28C066DE1}.Release|Any CPU.Build.0 = Release|Any CPU
		{1F7D2BC3-F658-4F3F-97F6-8BAB71EB91F0}.Debug|Any CPU.ActiveCfg = Debug|Any CPU
		{1F7D2BC3-F658-4F3F-97F6-8BAB71EB91F0}.Debug|Any CPU.Build.0 = Debug|Any CPU
		{1F7D2BC3-F658-4F3F-97F6-8BAB71EB91F0}.Release|Any CPU.ActiveCfg = Release|Any CPU
		{1F7D2BC3-F658-4F3F-97F6-8BAB71EB91F0}.Release|Any CPU.Build.0 = Release|Any CPU
		{296A15F5-53D7-4BD2-AD0A-1DEFA9FB1E5C}.Debug|Any CPU.ActiveCfg = Debug|Any CPU
		{296A15F5-53D7-4BD2-AD0A-1DEFA9FB1E5C}.Debug|Any CPU.Build.0 = Debug|Any CPU
		{296A15F5-53D7-4BD2-AD0A-1DEFA9FB1E5C}.Release|Any CPU.ActiveCfg = Release|Any CPU
		{296A15F5-53D7-4BD2-AD0A-1DEFA9FB1E5C}.Release|Any CPU.Build.0 = Release|Any CPU
		{5B408254-B1E2-46F3-9EE7-1AB0DB365876}.Debug|Any CPU.ActiveCfg = Debug|Any CPU
		{5B408254-B1E2-46F3-9EE7-1AB0DB365876}.Debug|Any CPU.Build.0 = Debug|Any CPU
		{5B408254-B1E2-46F3-9EE7-1AB0DB365876}.Release|Any CPU.ActiveCfg = Release|Any CPU
		{5B408254-B1E2-46F3-9EE7-1AB0DB365876}.Release|Any CPU.Build.0 = Release|Any CPU
		{A012A71F-0C86-4A41-8EF1-DEE89AC5F054}.Debug|Any CPU.ActiveCfg = Debug|Any CPU
		{A012A71F-0C86-4A41-8EF1-DEE89AC5F054}.Debug|Any CPU.Build.0 = Debug|Any CPU
		{A012A71F-0C86-4A41-8EF1-DEE89AC5F054}.Release|Any CPU.ActiveCfg = Release|Any CPU
		{A012A71F-0C86-4A41-8EF1-DEE89AC5F054}.Release|Any CPU.Build.0 = Release|Any CPU
		{A52D6403-0252-4A82-8C53-122B3CC036FC}.Debug|Any CPU.ActiveCfg = Debug|Any CPU
		{A52D6403-0252-4A82-8C53-122B3CC036FC}.Debug|Any CPU.Build.0 = Debug|Any CPU
		{A52D6403-0252-4A82-8C53-122B3CC036FC}.Release|Any CPU.ActiveCfg = Release|Any CPU
		{A52D6403-0252-4A82-8C53-122B3CC036FC}.Release|Any CPU.Build.0 = Release|Any CPU
		{4BD74F38-FF5A-41B2-B498-EB1D6BB631AB}.Debug|Any CPU.ActiveCfg = Debug|Any CPU
		{4BD74F38-FF5A-41B2-B498-EB1D6BB631AB}.Debug|Any CPU.Build.0 = Debug|Any CPU
		{4BD74F38-FF5A-41B2-B498-EB1D6BB631AB}.Release|Any CPU.ActiveCfg = Release|Any CPU
		{4BD74F38-FF5A-41B2-B498-EB1D6BB631AB}.Release|Any CPU.Build.0 = Release|Any CPU
		{A2018A47-0B55-4BAD-9C91-EAD8B9CA04E8}.Debug|Any CPU.ActiveCfg = Debug|Any CPU
		{A2018A47-0B55-4BAD-9C91-EAD8B9CA04E8}.Debug|Any CPU.Build.0 = Debug|Any CPU
		{A2018A47-0B55-4BAD-9C91-EAD8B9CA04E8}.Release|Any CPU.ActiveCfg = Release|Any CPU
		{A2018A47-0B55-4BAD-9C91-EAD8B9CA04E8}.Release|Any CPU.Build.0 = Release|Any CPU
		{DAB91044-1151-43E4-9261-1ABA931BF13D}.Debug|Any CPU.ActiveCfg = Debug|Any CPU
		{DAB91044-1151-43E4-9261-1ABA931BF13D}.Debug|Any CPU.Build.0 = Debug|Any CPU
		{DAB91044-1151-43E4-9261-1ABA931BF13D}.Release|Any CPU.ActiveCfg = Release|Any CPU
		{DAB91044-1151-43E4-9261-1ABA931BF13D}.Release|Any CPU.Build.0 = Release|Any CPU
		{2A8AC808-BE4B-4D08-BB70-3204B1291344}.Debug|Any CPU.ActiveCfg = Debug|Any CPU
		{2A8AC808-BE4B-4D08-BB70-3204B1291344}.Debug|Any CPU.Build.0 = Debug|Any CPU
		{2A8AC808-BE4B-4D08-BB70-3204B1291344}.Release|Any CPU.ActiveCfg = Release|Any CPU
		{2A8AC808-BE4B-4D08-BB70-3204B1291344}.Release|Any CPU.Build.0 = Release|Any CPU
		{11F81874-53ED-42FA-A08F-DD481A19740F}.Debug|Any CPU.ActiveCfg = Debug|Any CPU
		{11F81874-53ED-42FA-A08F-DD481A19740F}.Debug|Any CPU.Build.0 = Debug|Any CPU
		{11F81874-53ED-42FA-A08F-DD481A19740F}.Release|Any CPU.ActiveCfg = Release|Any CPU
		{11F81874-53ED-42FA-A08F-DD481A19740F}.Release|Any CPU.Build.0 = Release|Any CPU
		{E06654BA-B65B-4C8D-AABE-56DEAE6D3AEB}.Debug|Any CPU.ActiveCfg = Debug|Any CPU
		{E06654BA-B65B-4C8D-AABE-56DEAE6D3AEB}.Debug|Any CPU.Build.0 = Debug|Any CPU
		{E06654BA-B65B-4C8D-AABE-56DEAE6D3AEB}.Release|Any CPU.ActiveCfg = Release|Any CPU
		{E06654BA-B65B-4C8D-AABE-56DEAE6D3AEB}.Release|Any CPU.Build.0 = Release|Any CPU
		{9FC0EDDF-C362-4841-AA28-37852CDC1383}.Debug|Any CPU.ActiveCfg = Debug|Any CPU
		{9FC0EDDF-C362-4841-AA28-37852CDC1383}.Debug|Any CPU.Build.0 = Debug|Any CPU
		{9FC0EDDF-C362-4841-AA28-37852CDC1383}.Release|Any CPU.ActiveCfg = Release|Any CPU
		{9FC0EDDF-C362-4841-AA28-37852CDC1383}.Release|Any CPU.Build.0 = Release|Any CPU
	EndGlobalSection
	GlobalSection(SolutionProperties) = preSolution
		HideSolutionNode = FALSE
	EndGlobalSection
EndGlobal
